
Microsoft Visual Studio Solution File, Format Version 12.00
# Visual Studio 2012
Project("{8BC9CEB8-8B4A-11D0-8D11-00A0C91BC942}") = "FishClassification", "FishClassification\FishClassification.vcxproj", "{4A2EAA5C-0314-4D26-B2D6-F686AEC41B47}"
EndProject
Global
	GlobalSection(SolutionConfigurationPlatforms) = preSolution
		Debug|Win32 = Debug|Win32
		Debug|x64 = Debug|x64
		Release|Win32 = Release|Win32
		Release|x64 = Release|x64
	EndGlobalSection
	GlobalSection(ProjectConfigurationPlatforms) = postSolution
		{4A2EAA5C-0314-4D26-B2D6-F686AEC41B47}.Debug|Win32.ActiveCfg = Debug|Win32
		{4A2EAA5C-0314-4D26-B2D6-F686AEC41B47}.Debug|Win32.Build.0 = Debug|Win32
		{4A2EAA5C-0314-4D26-B2D6-F686AEC41B47}.Debug|x64.ActiveCfg = Debug|x64
		{4A2EAA5C-0314-4D26-B2D6-F686AEC41B47}.Debug|x64.Build.0 = Debug|x64
		{4A2EAA5C-0314-4D26-B2D6-F686AEC41B47}.Release|Win32.ActiveCfg = Release|Win32
		{4A2EAA5C-0314-4D26-B2D6-F686AEC41B47}.Release|Win32.Build.0 = Release|Win32
		{4A2EAA5C-0314-4D26-B2D6-F686AEC41B47}.Release|x64.ActiveCfg = Release|x64
		{4A2EAA5C-0314-4D26-B2D6-F686AEC41B47}.Release|x64.Build.0 = Release|x64
	EndGlobalSection
	GlobalSection(SolutionProperties) = preSolution
		HideSolutionNode = FALSE
	EndGlobalSection
EndGlobal
